// !$*UTF8*$!
{
	archiveVersion = 1;
	classes = {
	};
	objectVersion = 56;
	objects = {

/* Begin PBXBuildFile section */
		997C0A362C896DE7008ACDA0 /* AppDelegate.swift in Sources */ = {isa = PBXBuildFile; fileRef = 997C0A352C896DE7008ACDA0 /* AppDelegate.swift */; };
		997C0A382C896DE7008ACDA0 /* GameViewController.swift in Sources */ = {isa = PBXBuildFile; fileRef = 997C0A372C896DE7008ACDA0 /* GameViewController.swift */; };
		997C0A3B2C896DE7008ACDA0 /* Base in Resources */ = {isa = PBXBuildFile; fileRef = 997C0A3A2C896DE7008ACDA0 /* Base */; };
		997C0A3E2C896DE7008ACDA0 /* Base in Resources */ = {isa = PBXBuildFile; fileRef = 997C0A3D2C896DE7008ACDA0 /* Base */; };
		997C0A462C896DE7008ACDA0 /* AppDelegate.swift in Sources */ = {isa = PBXBuildFile; fileRef = 997C0A452C896DE7008ACDA0 /* AppDelegate.swift */; };
		997C0A482C896DE7008ACDA0 /* GameViewController.swift in Sources */ = {isa = PBXBuildFile; fileRef = 997C0A472C896DE7008ACDA0 /* GameViewController.swift */; };
		997C0A4B2C896DE7008ACDA0 /* Base in Resources */ = {isa = PBXBuildFile; fileRef = 997C0A4A2C896DE7008ACDA0 /* Base */; };
		997C0A4E2C896DE7008ACDA0 /* Base in Resources */ = {isa = PBXBuildFile; fileRef = 997C0A4D2C896DE7008ACDA0 /* Base */; };
		997C0A562C896DE7008ACDA0 /* AppDelegate.swift in Sources */ = {isa = PBXBuildFile; fileRef = 997C0A552C896DE7008ACDA0 /* AppDelegate.swift */; };
		997C0A582C896DE7008ACDA0 /* GameViewController.swift in Sources */ = {isa = PBXBuildFile; fileRef = 997C0A572C896DE7008ACDA0 /* GameViewController.swift */; };
		997C0A5B2C896DE7008ACDA0 /* Base in Resources */ = {isa = PBXBuildFile; fileRef = 997C0A5A2C896DE7008ACDA0 /* Base */; };
		997C0A5D2C896DE7008ACDA0 /* GameController.swift in Sources */ = {isa = PBXBuildFile; fileRef = 997C0A2B2C896DE5008ACDA0 /* GameController.swift */; };
		997C0A5E2C896DE7008ACDA0 /* GameController.swift in Sources */ = {isa = PBXBuildFile; fileRef = 997C0A2B2C896DE5008ACDA0 /* GameController.swift */; };
		997C0A5F2C896DE7008ACDA0 /* GameController.swift in Sources */ = {isa = PBXBuildFile; fileRef = 997C0A2B2C896DE5008ACDA0 /* GameController.swift */; };
		997C0A602C896DE7008ACDA0 /* Art.scnassets in Resources */ = {isa = PBXBuildFile; fileRef = 997C0A2C2C896DE5008ACDA0 /* Art.scnassets */; };
		997C0A612C896DE7008ACDA0 /* Art.scnassets in Resources */ = {isa = PBXBuildFile; fileRef = 997C0A2C2C896DE5008ACDA0 /* Art.scnassets */; };
		997C0A622C896DE7008ACDA0 /* Art.scnassets in Resources */ = {isa = PBXBuildFile; fileRef = 997C0A2C2C896DE5008ACDA0 /* Art.scnassets */; };
		997C0A632C896DE7008ACDA0 /* Assets.xcassets in Resources */ = {isa = PBXBuildFile; fileRef = 997C0A2D2C896DE7008ACDA0 /* Assets.xcassets */; };
		997C0A642C896DE7008ACDA0 /* Assets.xcassets in Resources */ = {isa = PBXBuildFile; fileRef = 997C0A2D2C896DE7008ACDA0 /* Assets.xcassets */; };
		997C0A652C896DE7008ACDA0 /* Assets.xcassets in Resources */ = {isa = PBXBuildFile; fileRef = 997C0A2D2C896DE7008ACDA0 /* Assets.xcassets */; };
/* End PBXBuildFile section */

/* Begin PBXFileReference section */
		997C0A2B2C896DE5008ACDA0 /* GameController.swift */ = {isa = PBXFileReference; lastKnownFileType = sourcecode.swift; path = GameController.swift; sourceTree = "<group>"; };
		997C0A2C2C896DE5008ACDA0 /* Art.scnassets */ = {isa = PBXFileReference; lastKnownFileType = wrapper.scnassets; path = Art.scnassets; sourceTree = "<group>"; };
		997C0A2D2C896DE7008ACDA0 /* Assets.xcassets */ = {isa = PBXFileReference; lastKnownFileType = folder.assetcatalog; path = Assets.xcassets; sourceTree = "<group>"; };
		997C0A322C896DE7008ACDA0 /* Tic Tac Chess.app */ = {isa = PBXFileReference; explicitFileType = wrapper.application; includeInIndex = 0; path = "Tic Tac Chess.app"; sourceTree = BUILT_PRODUCTS_DIR; };
		997C0A352C896DE7008ACDA0 /* AppDelegate.swift */ = {isa = PBXFileReference; lastKnownFileType = sourcecode.swift; path = AppDelegate.swift; sourceTree = "<group>"; };
		997C0A372C896DE7008ACDA0 /* GameViewController.swift */ = {isa = PBXFileReference; lastKnownFileType = sourcecode.swift; path = GameViewController.swift; sourceTree = "<group>"; };
		997C0A3A2C896DE7008ACDA0 /* Base */ = {isa = PBXFileReference; lastKnownFileType = file.storyboard; name = Base; path = Base.lproj/Main.storyboard; sourceTree = "<group>"; };
		997C0A3D2C896DE7008ACDA0 /* Base */ = {isa = PBXFileReference; lastKnownFileType = file.storyboard; name = Base; path = Base.lproj/LaunchScreen.storyboard; sourceTree = "<group>"; };
		997C0A432C896DE7008ACDA0 /* Tic Tac Chess.app */ = {isa = PBXFileReference; explicitFileType = wrapper.application; includeInIndex = 0; path = "Tic Tac Chess.app"; sourceTree = BUILT_PRODUCTS_DIR; };
		997C0A452C896DE7008ACDA0 /* AppDelegate.swift */ = {isa = PBXFileReference; lastKnownFileType = sourcecode.swift; path = AppDelegate.swift; sourceTree = "<group>"; };
		997C0A472C896DE7008ACDA0 /* GameViewController.swift */ = {isa = PBXFileReference; lastKnownFileType = sourcecode.swift; path = GameViewController.swift; sourceTree = "<group>"; };
		997C0A4A2C896DE7008ACDA0 /* Base */ = {isa = PBXFileReference; lastKnownFileType = file.storyboard; name = Base; path = Base.lproj/Main.storyboard; sourceTree = "<group>"; };
		997C0A4D2C896DE7008ACDA0 /* Base */ = {isa = PBXFileReference; lastKnownFileType = file.storyboard; name = Base; path = Base.lproj/LaunchScreen.storyboard; sourceTree = "<group>"; };
		997C0A532C896DE7008ACDA0 /* Tic Tac Chess.app */ = {isa = PBXFileReference; explicitFileType = wrapper.application; includeInIndex = 0; path = "Tic Tac Chess.app"; sourceTree = BUILT_PRODUCTS_DIR; };
		997C0A552C896DE7008ACDA0 /* AppDelegate.swift */ = {isa = PBXFileReference; lastKnownFileType = sourcecode.swift; path = AppDelegate.swift; sourceTree = "<group>"; };
		997C0A572C896DE7008ACDA0 /* GameViewController.swift */ = {isa = PBXFileReference; lastKnownFileType = sourcecode.swift; path = GameViewController.swift; sourceTree = "<group>"; };
		997C0A5A2C896DE7008ACDA0 /* Base */ = {isa = PBXFileReference; lastKnownFileType = file.storyboard; name = Base; path = Base.lproj/Main.storyboard; sourceTree = "<group>"; };
		997C0A5C2C896DE7008ACDA0 /* Tic_Tac_Chess_macOS.entitlements */ = {isa = PBXFileReference; lastKnownFileType = text.plist.entitlements; path = Tic_Tac_Chess_macOS.entitlements; sourceTree = "<group>"; };
/* End PBXFileReference section */

/* Begin PBXFrameworksBuildPhase section */
		997C0A2F2C896DE7008ACDA0 /* Frameworks */ = {
			isa = PBXFrameworksBuildPhase;
			buildActionMask = 2147483647;
			files = (
			);
			runOnlyForDeploymentPostprocessing = 0;
		};
		997C0A402C896DE7008ACDA0 /* Frameworks */ = {
			isa = PBXFrameworksBuildPhase;
			buildActionMask = 2147483647;
			files = (
			);
			runOnlyForDeploymentPostprocessing = 0;
		};
		997C0A502C896DE7008ACDA0 /* Frameworks */ = {
			isa = PBXFrameworksBuildPhase;
			buildActionMask = 2147483647;
			files = (
			);
			runOnlyForDeploymentPostprocessing = 0;
		};
/* End PBXFrameworksBuildPhase section */

/* Begin PBXGroup section */
		997C0A252C896DE5008ACDA0 = {
			isa = PBXGroup;
			children = (
				997C0A2A2C896DE5008ACDA0 /* Tic Tac Chess Shared */,
				997C0A342C896DE7008ACDA0 /* Tic Tac Chess iOS */,
				997C0A442C896DE7008ACDA0 /* Tic Tac Chess tvOS */,
				997C0A542C896DE7008ACDA0 /* Tic Tac Chess macOS */,
				997C0A332C896DE7008ACDA0 /* Products */,
			);
			sourceTree = "<group>";
		};
		997C0A2A2C896DE5008ACDA0 /* Tic Tac Chess Shared */ = {
			isa = PBXGroup;
			children = (
				997C0A2B2C896DE5008ACDA0 /* GameController.swift */,
				997C0A2C2C896DE5008ACDA0 /* Art.scnassets */,
				997C0A2D2C896DE7008ACDA0 /* Assets.xcassets */,
			);
			path = "Tic Tac Chess Shared";
			sourceTree = "<group>";
		};
		997C0A332C896DE7008ACDA0 /* Products */ = {
			isa = PBXGroup;
			children = (
				997C0A322C896DE7008ACDA0 /* Tic Tac Chess.app */,
				997C0A432C896DE7008ACDA0 /* Tic Tac Chess.app */,
				997C0A532C896DE7008ACDA0 /* Tic Tac Chess.app */,
			);
			name = Products;
			sourceTree = "<group>";
		};
		997C0A342C896DE7008ACDA0 /* Tic Tac Chess iOS */ = {
			isa = PBXGroup;
			children = (
				997C0A352C896DE7008ACDA0 /* AppDelegate.swift */,
				997C0A372C896DE7008ACDA0 /* GameViewController.swift */,
				997C0A392C896DE7008ACDA0 /* Main.storyboard */,
				997C0A3C2C896DE7008ACDA0 /* LaunchScreen.storyboard */,
			);
			path = "Tic Tac Chess iOS";
			sourceTree = "<group>";
		};
		997C0A442C896DE7008ACDA0 /* Tic Tac Chess tvOS */ = {
			isa = PBXGroup;
			children = (
				997C0A452C896DE7008ACDA0 /* AppDelegate.swift */,
				997C0A472C896DE7008ACDA0 /* GameViewController.swift */,
				997C0A492C896DE7008ACDA0 /* Main.storyboard */,
				997C0A4C2C896DE7008ACDA0 /* LaunchScreen.storyboard */,
			);
			path = "Tic Tac Chess tvOS";
			sourceTree = "<group>";
		};
		997C0A542C896DE7008ACDA0 /* Tic Tac Chess macOS */ = {
			isa = PBXGroup;
			children = (
				997C0A552C896DE7008ACDA0 /* AppDelegate.swift */,
				997C0A572C896DE7008ACDA0 /* GameViewController.swift */,
				997C0A592C896DE7008ACDA0 /* Main.storyboard */,
				997C0A5C2C896DE7008ACDA0 /* Tic_Tac_Chess_macOS.entitlements */,
			);
			path = "Tic Tac Chess macOS";
			sourceTree = "<group>";
		};
/* End PBXGroup section */

/* Begin PBXNativeTarget section */
		997C0A312C896DE7008ACDA0 /* Tic Tac Chess iOS */ = {
			isa = PBXNativeTarget;
			buildConfigurationList = 997C0A682C896DE7008ACDA0 /* Build configuration list for PBXNativeTarget "Tic Tac Chess iOS" */;
			buildPhases = (
				997C0A2E2C896DE7008ACDA0 /* Sources */,
				997C0A2F2C896DE7008ACDA0 /* Frameworks */,
				997C0A302C896DE7008ACDA0 /* Resources */,
			);
			buildRules = (
			);
			dependencies = (
			);
			name = "Tic Tac Chess iOS";
			productName = "Tic Tac Chess iOS";
			productReference = 997C0A322C896DE7008ACDA0 /* Tic Tac Chess.app */;
			productType = "com.apple.product-type.application";
		};
		997C0A422C896DE7008ACDA0 /* Tic Tac Chess tvOS */ = {
			isa = PBXNativeTarget;
			buildConfigurationList = 997C0A6B2C896DE7008ACDA0 /* Build configuration list for PBXNativeTarget "Tic Tac Chess tvOS" */;
			buildPhases = (
				997C0A3F2C896DE7008ACDA0 /* Sources */,
				997C0A402C896DE7008ACDA0 /* Frameworks */,
				997C0A412C896DE7008ACDA0 /* Resources */,
			);
			buildRules = (
			);
			dependencies = (
			);
			name = "Tic Tac Chess tvOS";
			productName = "Tic Tac Chess tvOS";
			productReference = 997C0A432C896DE7008ACDA0 /* Tic Tac Chess.app */;
			productType = "com.apple.product-type.application";
		};
		997C0A522C896DE7008ACDA0 /* Tic Tac Chess macOS */ = {
			isa = PBXNativeTarget;
			buildConfigurationList = 997C0A6E2C896DE7008ACDA0 /* Build configuration list for PBXNativeTarget "Tic Tac Chess macOS" */;
			buildPhases = (
				997C0A4F2C896DE7008ACDA0 /* Sources */,
				997C0A502C896DE7008ACDA0 /* Frameworks */,
				997C0A512C896DE7008ACDA0 /* Resources */,
			);
			buildRules = (
			);
			dependencies = (
			);
			name = "Tic Tac Chess macOS";
			productName = "Tic Tac Chess macOS";
			productReference = 997C0A532C896DE7008ACDA0 /* Tic Tac Chess.app */;
			productType = "com.apple.product-type.application";
		};
/* End PBXNativeTarget section */

/* Begin PBXProject section */
		997C0A262C896DE5008ACDA0 /* Project object */ = {
			isa = PBXProject;
			attributes = {
				BuildIndependentTargetsInParallel = 1;
				LastSwiftUpdateCheck = 1540;
				LastUpgradeCheck = 1540;
				TargetAttributes = {
					997C0A312C896DE7008ACDA0 = {
						CreatedOnToolsVersion = 15.4;
					};
					997C0A422C896DE7008ACDA0 = {
						CreatedOnToolsVersion = 15.4;
					};
					997C0A522C896DE7008ACDA0 = {
						CreatedOnToolsVersion = 15.4;
					};
				};
			};
			buildConfigurationList = 997C0A292C896DE5008ACDA0 /* Build configuration list for PBXProject "Tic Tac Chess" */;
			compatibilityVersion = "Xcode 14.0";
			developmentRegion = en;
			hasScannedForEncodings = 0;
			knownRegions = (
				en,
				Base,
			);
			mainGroup = 997C0A252C896DE5008ACDA0;
			productRefGroup = 997C0A332C896DE7008ACDA0 /* Products */;
			projectDirPath = "";
			projectRoot = "";
			targets = (
				997C0A312C896DE7008ACDA0 /* Tic Tac Chess iOS */,
				997C0A422C896DE7008ACDA0 /* Tic Tac Chess tvOS */,
				997C0A522C896DE7008ACDA0 /* Tic Tac Chess macOS */,
			);
		};
/* End PBXProject section */

/* Begin PBXResourcesBuildPhase section */
		997C0A302C896DE7008ACDA0 /* Resources */ = {
			isa = PBXResourcesBuildPhase;
			buildActionMask = 2147483647;
			files = (
				997C0A3B2C896DE7008ACDA0 /* Base in Resources */,
				997C0A3E2C896DE7008ACDA0 /* Base in Resources */,
				997C0A632C896DE7008ACDA0 /* Assets.xcassets in Resources */,
				997C0A602C896DE7008ACDA0 /* Art.scnassets in Resources */,
			);
			runOnlyForDeploymentPostprocessing = 0;
		};
		997C0A412C896DE7008ACDA0 /* Resources */ = {
			isa = PBXResourcesBuildPhase;
			buildActionMask = 2147483647;
			files = (
				997C0A4B2C896DE7008ACDA0 /* Base in Resources */,
				997C0A4E2C896DE7008ACDA0 /* Base in Resources */,
				997C0A642C896DE7008ACDA0 /* Assets.xcassets in Resources */,
				997C0A612C896DE7008ACDA0 /* Art.scnassets in Resources */,
			);
			runOnlyForDeploymentPostprocessing = 0;
		};
		997C0A512C896DE7008ACDA0 /* Resources */ = {
			isa = PBXResourcesBuildPhase;
			buildActionMask = 2147483647;
			files = (
				997C0A5B2C896DE7008ACDA0 /* Base in Resources */,
				997C0A652C896DE7008ACDA0 /* Assets.xcassets in Resources */,
				997C0A622C896DE7008ACDA0 /* Art.scnassets in Resources */,
			);
			runOnlyForDeploymentPostprocessing = 0;
		};
/* End PBXResourcesBuildPhase section */

/* Begin PBXSourcesBuildPhase section */
		997C0A2E2C896DE7008ACDA0 /* Sources */ = {
			isa = PBXSourcesBuildPhase;
			buildActionMask = 2147483647;
			files = (
				997C0A382C896DE7008ACDA0 /* GameViewController.swift in Sources */,
				997C0A5D2C896DE7008ACDA0 /* GameController.swift in Sources */,
				997C0A362C896DE7008ACDA0 /* AppDelegate.swift in Sources */,
			);
			runOnlyForDeploymentPostprocessing = 0;
		};
		997C0A3F2C896DE7008ACDA0 /* Sources */ = {
			isa = PBXSourcesBuildPhase;
			buildActionMask = 2147483647;
			files = (
				997C0A482C896DE7008ACDA0 /* GameViewController.swift in Sources */,
				997C0A5E2C896DE7008ACDA0 /* GameController.swift in Sources */,
				997C0A462C896DE7008ACDA0 /* AppDelegate.swift in Sources */,
			);
			runOnlyForDeploymentPostprocessing = 0;
		};
		997C0A4F2C896DE7008ACDA0 /* Sources */ = {
			isa = PBXSourcesBuildPhase;
			buildActionMask = 2147483647;
			files = (
				997C0A582C896DE7008ACDA0 /* GameViewController.swift in Sources */,
				997C0A5F2C896DE7008ACDA0 /* GameController.swift in Sources */,
				997C0A562C896DE7008ACDA0 /* AppDelegate.swift in Sources */,
			);
			runOnlyForDeploymentPostprocessing = 0;
		};
/* End PBXSourcesBuildPhase section */

/* Begin PBXVariantGroup section */
		997C0A392C896DE7008ACDA0 /* Main.storyboard */ = {
			isa = PBXVariantGroup;
			children = (
				997C0A3A2C896DE7008ACDA0 /* Base */,
			);
			name = Main.storyboard;
			sourceTree = "<group>";
		};
		997C0A3C2C896DE7008ACDA0 /* LaunchScreen.storyboard */ = {
			isa = PBXVariantGroup;
			children = (
				997C0A3D2C896DE7008ACDA0 /* Base */,
			);
			name = LaunchScreen.storyboard;
			sourceTree = "<group>";
		};
		997C0A492C896DE7008ACDA0 /* Main.storyboard */ = {
			isa = PBXVariantGroup;
			children = (
				997C0A4A2C896DE7008ACDA0 /* Base */,
			);
			name = Main.storyboard;
			sourceTree = "<group>";
		};
		997C0A4C2C896DE7008ACDA0 /* LaunchScreen.storyboard */ = {
			isa = PBXVariantGroup;
			children = (
				997C0A4D2C896DE7008ACDA0 /* Base */,
			);
			name = LaunchScreen.storyboard;
			sourceTree = "<group>";
		};
		997C0A592C896DE7008ACDA0 /* Main.storyboard */ = {
			isa = PBXVariantGroup;
			children = (
				997C0A5A2C896DE7008ACDA0 /* Base */,
			);
			name = Main.storyboard;
			sourceTree = "<group>";
		};
/* End PBXVariantGroup section */

/* Begin XCBuildConfiguration section */
		997C0A662C896DE7008ACDA0 /* Debug */ = {
			isa = XCBuildConfiguration;
			buildSettings = {
				ALWAYS_SEARCH_USER_PATHS = NO;
				ASSETCATALOG_COMPILER_GENERATE_SWIFT_ASSET_SYMBOL_EXTENSIONS = YES;
				CLANG_ANALYZER_NONNULL = YES;
				CLANG_ANALYZER_NUMBER_OBJECT_CONVERSION = YES_AGGRESSIVE;
				CLANG_CXX_LANGUAGE_STANDARD = "gnu++20";
				CLANG_ENABLE_MODULES = YES;
				CLANG_ENABLE_OBJC_ARC = YES;
				CLANG_ENABLE_OBJC_WEAK = YES;
				CLANG_WARN_BLOCK_CAPTURE_AUTORELEASING = YES;
				CLANG_WARN_BOOL_CONVERSION = YES;
				CLANG_WARN_COMMA = YES;
				CLANG_WARN_CONSTANT_CONVERSION = YES;
				CLANG_WARN_DEPRECATED_OBJC_IMPLEMENTATIONS = YES;
				CLANG_WARN_DIRECT_OBJC_ISA_USAGE = YES_ERROR;
				CLANG_WARN_DOCUMENTATION_COMMENTS = YES;
				CLANG_WARN_EMPTY_BODY = YES;
				CLANG_WARN_ENUM_CONVERSION = YES;
				CLANG_WARN_INFINITE_RECURSION = YES;
				CLANG_WARN_INT_CONVERSION = YES;
				CLANG_WARN_NON_LITERAL_NULL_CONVERSION = YES;
				CLANG_WARN_OBJC_IMPLICIT_RETAIN_SELF = YES;
				CLANG_WARN_OBJC_LITERAL_CONVERSION = YES;
				CLANG_WARN_OBJC_ROOT_CLASS = YES_ERROR;
				CLANG_WARN_QUOTED_INCLUDE_IN_FRAMEWORK_HEADER = YES;
				CLANG_WARN_RANGE_LOOP_ANALYSIS = YES;
				CLANG_WARN_STRICT_PROTOTYPES = YES;
				CLANG_WARN_SUSPICIOUS_MOVE = YES;
				CLANG_WARN_UNGUARDED_AVAILABILITY = YES_AGGRESSIVE;
				CLANG_WARN_UNREACHABLE_CODE = YES;
				CLANG_WARN__DUPLICATE_METHOD_MATCH = YES;
				COPY_PHASE_STRIP = NO;
				DEBUG_INFORMATION_FORMAT = dwarf;
				ENABLE_STRICT_OBJC_MSGSEND = YES;
				ENABLE_TESTABILITY = YES;
				ENABLE_USER_SCRIPT_SANDBOXING = YES;
				GCC_C_LANGUAGE_STANDARD = gnu17;
				GCC_DYNAMIC_NO_PIC = NO;
				GCC_NO_COMMON_BLOCKS = YES;
				GCC_OPTIMIZATION_LEVEL = 0;
				GCC_PREPROCESSOR_DEFINITIONS = (
					"DEBUG=1",
					"$(inherited)",
				);
				GCC_WARN_64_TO_32_BIT_CONVERSION = YES;
				GCC_WARN_ABOUT_RETURN_TYPE = YES_ERROR;
				GCC_WARN_UNDECLARED_SELECTOR = YES;
				GCC_WARN_UNINITIALIZED_AUTOS = YES_AGGRESSIVE;
				GCC_WARN_UNUSED_FUNCTION = YES;
				GCC_WARN_UNUSED_VARIABLE = YES;
				LOCALIZATION_PREFERS_STRING_CATALOGS = YES;
				MTL_ENABLE_DEBUG_INFO = INCLUDE_SOURCE;
				MTL_FAST_MATH = YES;
				ONLY_ACTIVE_ARCH = YES;
				SWIFT_ACTIVE_COMPILATION_CONDITIONS = "DEBUG $(inherited)";
				SWIFT_OPTIMIZATION_LEVEL = "-Onone";
			};
			name = Debug;
		};
		997C0A672C896DE7008ACDA0 /* Release */ = {
			isa = XCBuildConfiguration;
			buildSettings = {
				ALWAYS_SEARCH_USER_PATHS = NO;
				ASSETCATALOG_COMPILER_GENERATE_SWIFT_ASSET_SYMBOL_EXTENSIONS = YES;
				CLANG_ANALYZER_NONNULL = YES;
				CLANG_ANALYZER_NUMBER_OBJECT_CONVERSION = YES_AGGRESSIVE;
				CLANG_CXX_LANGUAGE_STANDARD = "gnu++20";
				CLANG_ENABLE_MODULES = YES;
				CLANG_ENABLE_OBJC_ARC = YES;
				CLANG_ENABLE_OBJC_WEAK = YES;
				CLANG_WARN_BLOCK_CAPTURE_AUTORELEASING = YES;
				CLANG_WARN_BOOL_CONVERSION = YES;
				CLANG_WARN_COMMA = YES;
				CLANG_WARN_CONSTANT_CONVERSION = YES;
				CLANG_WARN_DEPRECATED_OBJC_IMPLEMENTATIONS = YES;
				CLANG_WARN_DIRECT_OBJC_ISA_USAGE = YES_ERROR;
				CLANG_WARN_DOCUMENTATION_COMMENTS = YES;
				CLANG_WARN_EMPTY_BODY = YES;
				CLANG_WARN_ENUM_CONVERSION = YES;
				CLANG_WARN_INFINITE_RECURSION = YES;
				CLANG_WARN_INT_CONVERSION = YES;
				CLANG_WARN_NON_LITERAL_NULL_CONVERSION = YES;
				CLANG_WARN_OBJC_IMPLICIT_RETAIN_SELF = YES;
				CLANG_WARN_OBJC_LITERAL_CONVERSION = YES;
				CLANG_WARN_OBJC_ROOT_CLASS = YES_ERROR;
				CLANG_WARN_QUOTED_INCLUDE_IN_FRAMEWORK_HEADER = YES;
				CLANG_WARN_RANGE_LOOP_ANALYSIS = YES;
				CLANG_WARN_STRICT_PROTOTYPES = YES;
				CLANG_WARN_SUSPICIOUS_MOVE = YES;
				CLANG_WARN_UNGUARDED_AVAILABILITY = YES_AGGRESSIVE;
				CLANG_WARN_UNREACHABLE_CODE = YES;
				CLANG_WARN__DUPLICATE_METHOD_MATCH = YES;
				COPY_PHASE_STRIP = NO;
				DEBUG_INFORMATION_FORMAT = "dwarf-with-dsym";
				ENABLE_NS_ASSERTIONS = NO;
				ENABLE_STRICT_OBJC_MSGSEND = YES;
				ENABLE_USER_SCRIPT_SANDBOXING = YES;
				GCC_C_LANGUAGE_STANDARD = gnu17;
				GCC_NO_COMMON_BLOCKS = YES;
				GCC_WARN_64_TO_32_BIT_CONVERSION = YES;
				GCC_WARN_ABOUT_RETURN_TYPE = YES_ERROR;
				GCC_WARN_UNDECLARED_SELECTOR = YES;
				GCC_WARN_UNINITIALIZED_AUTOS = YES_AGGRESSIVE;
				GCC_WARN_UNUSED_FUNCTION = YES;
				GCC_WARN_UNUSED_VARIABLE = YES;
				LOCALIZATION_PREFERS_STRING_CATALOGS = YES;
				MTL_ENABLE_DEBUG_INFO = NO;
				MTL_FAST_MATH = YES;
				SWIFT_COMPILATION_MODE = wholemodule;
			};
			name = Release;
		};
		997C0A692C896DE7008ACDA0 /* Debug */ = {
			isa = XCBuildConfiguration;
			buildSettings = {
				ASSETCATALOG_COMPILER_APPICON_NAME = AppIcon;
				ASSETCATALOG_COMPILER_GLOBAL_ACCENT_COLOR_NAME = AccentColor;
				CODE_SIGN_STYLE = Automatic;
				CURRENT_PROJECT_VERSION = 1;
				DEVELOPMENT_TEAM = 7V577F7J7W;
				GENERATE_INFOPLIST_FILE = YES;
				INFOPLIST_KEY_UIApplicationSupportsIndirectInputEvents = YES;
				INFOPLIST_KEY_UILaunchStoryboardName = LaunchScreen;
				INFOPLIST_KEY_UIMainStoryboardFile = Main;
				INFOPLIST_KEY_UIStatusBarHidden = YES;
				INFOPLIST_KEY_UISupportedInterfaceOrientations_iPad = "UIInterfaceOrientationPortrait UIInterfaceOrientationPortraitUpsideDown UIInterfaceOrientationLandscapeLeft UIInterfaceOrientationLandscapeRight";
				INFOPLIST_KEY_UISupportedInterfaceOrientations_iPhone = "UIInterfaceOrientationPortrait UIInterfaceOrientationLandscapeLeft UIInterfaceOrientationLandscapeRight";
				IPHONEOS_DEPLOYMENT_TARGET = 17.5;
				LD_RUNPATH_SEARCH_PATHS = (
					"$(inherited)",
					"@executable_path/Frameworks",
				);
				MARKETING_VERSION = 1.0;
				PRODUCT_BUNDLE_IDENTIFIER = "cdansard.Tic-Tac-Chess";
				PRODUCT_NAME = "Tic Tac Chess";
				SDKROOT = iphoneos;
				SWIFT_EMIT_LOC_STRINGS = YES;
				SWIFT_VERSION = 5.0;
				TARGETED_DEVICE_FAMILY = "1,2";
			};
			name = Debug;
		};
		997C0A6A2C896DE7008ACDA0 /* Release */ = {
			isa = XCBuildConfiguration;
			buildSettings = {
				ASSETCATALOG_COMPILER_APPICON_NAME = AppIcon;
				ASSETCATALOG_COMPILER_GLOBAL_ACCENT_COLOR_NAME = AccentColor;
				CODE_SIGN_STYLE = Automatic;
				CURRENT_PROJECT_VERSION = 1;
				DEVELOPMENT_TEAM = 7V577F7J7W;
				GENERATE_INFOPLIST_FILE = YES;
				INFOPLIST_KEY_UIApplicationSupportsIndirectInputEvents = YES;
				INFOPLIST_KEY_UILaunchStoryboardName = LaunchScreen;
				INFOPLIST_KEY_UIMainStoryboardFile = Main;
				INFOPLIST_KEY_UIStatusBarHidden = YES;
				INFOPLIST_KEY_UISupportedInterfaceOrientations_iPad = "UIInterfaceOrientationPortrait UIInterfaceOrientationPortraitUpsideDown UIInterfaceOrientationLandscapeLeft UIInterfaceOrientationLandscapeRight";
				INFOPLIST_KEY_UISupportedInterfaceOrientations_iPhone = "UIInterfaceOrientationPortrait UIInterfaceOrientationLandscapeLeft UIInterfaceOrientationLandscapeRight";
				IPHONEOS_DEPLOYMENT_TARGET = 17.5;
				LD_RUNPATH_SEARCH_PATHS = (
					"$(inherited)",
					"@executable_path/Frameworks",
				);
				MARKETING_VERSION = 1.0;
				PRODUCT_BUNDLE_IDENTIFIER = "cdansard.Tic-Tac-Chess";
				PRODUCT_NAME = "Tic Tac Chess";
				SDKROOT = iphoneos;
				SWIFT_EMIT_LOC_STRINGS = YES;
				SWIFT_VERSION = 5.0;
				TARGETED_DEVICE_FAMILY = "1,2";
				VALIDATE_PRODUCT = YES;
			};
			name = Release;
		};
		997C0A6C2C896DE7008ACDA0 /* Debug */ = {
			isa = XCBuildConfiguration;
			buildSettings = {
				ASSETCATALOG_COMPILER_APPICON_NAME = "tvOS App Icon & Top Shelf Image";
				ASSETCATALOG_COMPILER_GLOBAL_ACCENT_COLOR_NAME = AccentColor;
				CODE_SIGN_STYLE = Automatic;
				CURRENT_PROJECT_VERSION = 1;
				DEVELOPMENT_TEAM = 7V577F7J7W;
				GENERATE_INFOPLIST_FILE = YES;
				INFOPLIST_KEY_UILaunchStoryboardName = LaunchScreen;
				INFOPLIST_KEY_UIMainStoryboardFile = Main;
				INFOPLIST_KEY_UIUserInterfaceStyle = Automatic;
				LD_RUNPATH_SEARCH_PATHS = (
					"$(inherited)",
					"@executable_path/Frameworks",
				);
				MARKETING_VERSION = 1.0;
				PRODUCT_BUNDLE_IDENTIFIER = "cdansard.Tic-Tac-Chess";
				PRODUCT_NAME = "Tic Tac Chess";
				SDKROOT = appletvos;
				SWIFT_EMIT_LOC_STRINGS = YES;
				SWIFT_VERSION = 5.0;
				TARGETED_DEVICE_FAMILY = 3;
				TVOS_DEPLOYMENT_TARGET = 17.5;
			};
			name = Debug;
		};
		997C0A6D2C896DE7008ACDA0 /* Release */ = {
			isa = XCBuildConfiguration;
			buildSettings = {
				ASSETCATALOG_COMPILER_APPICON_NAME = "tvOS App Icon & Top Shelf Image";
				ASSETCATALOG_COMPILER_GLOBAL_ACCENT_COLOR_NAME = AccentColor;
				CODE_SIGN_STYLE = Automatic;
				CURRENT_PROJECT_VERSION = 1;
				DEVELOPMENT_TEAM = 7V577F7J7W;
				GENERATE_INFOPLIST_FILE = YES;
				INFOPLIST_KEY_UILaunchStoryboardName = LaunchScreen;
				INFOPLIST_KEY_UIMainStoryboardFile = Main;
				INFOPLIST_KEY_UIUserInterfaceStyle = Automatic;
				LD_RUNPATH_SEARCH_PATHS = (
					"$(inherited)",
					"@executable_path/Frameworks",
				);
				MARKETING_VERSION = 1.0;
				PRODUCT_BUNDLE_IDENTIFIER = "cdansard.Tic-Tac-Chess";
				PRODUCT_NAME = "Tic Tac Chess";
				SDKROOT = appletvos;
				SWIFT_EMIT_LOC_STRINGS = YES;
				SWIFT_VERSION = 5.0;
				TARGETED_DEVICE_FAMILY = 3;
				TVOS_DEPLOYMENT_TARGET = 17.5;
				VALIDATE_PRODUCT = YES;
			};
			name = Release;
		};
		997C0A6F2C896DE7008ACDA0 /* Debug */ = {
			isa = XCBuildConfiguration;
			buildSettings = {
				ASSETCATALOG_COMPILER_APPICON_NAME = AppIcon;
				ASSETCATALOG_COMPILER_GLOBAL_ACCENT_COLOR_NAME = AccentColor;
				CODE_SIGN_ENTITLEMENTS = "Tic Tac Chess macOS/Tic_Tac_Chess_macOS.entitlements";
				CODE_SIGN_STYLE = Automatic;
				COMBINE_HIDPI_IMAGES = YES;
				CURRENT_PROJECT_VERSION = 1;
				DEVELOPMENT_TEAM = 7V577F7J7W;
				ENABLE_HARDENED_RUNTIME = YES;
				GENERATE_INFOPLIST_FILE = YES;
				INFOPLIST_KEY_NSHumanReadableCopyright = "";
				INFOPLIST_KEY_NSMainStoryboardFile = Main;
				INFOPLIST_KEY_NSPrincipalClass = NSApplication;
				LD_RUNPATH_SEARCH_PATHS = (
					"$(inherited)",
					"@executable_path/../Frameworks",
				);
				MACOSX_DEPLOYMENT_TARGET = 14.5;
				MARKETING_VERSION = 1.0;
				PRODUCT_BUNDLE_IDENTIFIER = "cdansard.Tic-Tac-Chess";
				PRODUCT_NAME = "Tic Tac Chess";
				SDKROOT = macosx;
				SWIFT_EMIT_LOC_STRINGS = YES;
				SWIFT_VERSION = 5.0;
			};
			name = Debug;
		};
		997C0A702C896DE7008ACDA0 /* Release */ = {
			isa = XCBuildConfiguration;
			buildSettings = {
				ASSETCATALOG_COMPILER_APPICON_NAME = AppIcon;
				ASSETCATALOG_COMPILER_GLOBAL_ACCENT_COLOR_NAME = AccentColor;
				CODE_SIGN_ENTITLEMENTS = "Tic Tac Chess macOS/Tic_Tac_Chess_macOS.entitlements";
				CODE_SIGN_STYLE = Automatic;
				COMBINE_HIDPI_IMAGES = YES;
				CURRENT_PROJECT_VERSION = 1;
				DEVELOPMENT_TEAM = 7V577F7J7W;
				ENABLE_HARDENED_RUNTIME = YES;
				GENERATE_INFOPLIST_FILE = YES;
				INFOPLIST_KEY_NSHumanReadableCopyright = "";
				INFOPLIST_KEY_NSMainStoryboardFile = Main;
				INFOPLIST_KEY_NSPrincipalClass = NSApplication;
				LD_RUNPATH_SEARCH_PATHS = (
					"$(inherited)",
					"@executable_path/../Frameworks",
				);
				MACOSX_DEPLOYMENT_TARGET = 14.5;
				MARKETING_VERSION = 1.0;
				PRODUCT_BUNDLE_IDENTIFIER = "cdansard.Tic-Tac-Chess";
				PRODUCT_NAME = "Tic Tac Chess";
				SDKROOT = macosx;
				SWIFT_EMIT_LOC_STRINGS = YES;
				SWIFT_VERSION = 5.0;
			};
			name = Release;
		};
/* End XCBuildConfiguration section */

/* Begin XCConfigurationList section */
		997C0A292C896DE5008ACDA0 /* Build configuration list for PBXProject "Tic Tac Chess" */ = {
			isa = XCConfigurationList;
			buildConfigurations = (
				997C0A662C896DE7008ACDA0 /* Debug */,
				997C0A672C896DE7008ACDA0 /* Release */,
			);
			defaultConfigurationIsVisible = 0;
			defaultConfigurationName = Release;
		};
		997C0A682C896DE7008ACDA0 /* Build configuration list for PBXNativeTarget "Tic Tac Chess iOS" */ = {
			isa = XCConfigurationList;
			buildConfigurations = (
				997C0A692C896DE7008ACDA0 /* Debug */,
				997C0A6A2C896DE7008ACDA0 /* Release */,
			);
			defaultConfigurationIsVisible = 0;
			defaultConfigurationName = Release;
		};
		997C0A6B2C896DE7008ACDA0 /* Build configuration list for PBXNativeTarget "Tic Tac Chess tvOS" */ = {
			isa = XCConfigurationList;
			buildConfigurations = (
				997C0A6C2C896DE7008ACDA0 /* Debug */,
				997C0A6D2C896DE7008ACDA0 /* Release */,
			);
			defaultConfigurationIsVisible = 0;
			defaultConfigurationName = Release;
		};
		997C0A6E2C896DE7008ACDA0 /* Build configuration list for PBXNativeTarget "Tic Tac Chess macOS" */ = {
			isa = XCConfigurationList;
			buildConfigurations = (
				997C0A6F2C896DE7008ACDA0 /* Debug */,
				997C0A702C896DE7008ACDA0 /* Release */,
			);
			defaultConfigurationIsVisible = 0;
			defaultConfigurationName = Release;
		};
/* End XCConfigurationList section */
	};
	rootObject = 997C0A262C896DE5008ACDA0 /* Project object */;
}
